
Microsoft Visual Studio Solution File, Format Version 12.00
# Visual Studio Version 16
VisualStudioVersion = 16.0.31424.327
MinimumVisualStudioVersion = 10.0.40219.1
Project("{FAE04EC0-301F-11D3-BF4B-00C04F79EFBC}") = "SentimentAnalysis", "SentimentAnalysis\SentimentAnalysis.csproj", "{FC4D6EF3-5A2A-4CC0-8FDD-D724A91F6A34}"
EndProject
Global
	GlobalSection(SolutionConfigurationPlatforms) = preSolution
		Debug|Any CPU = Debug|Any CPU
		Release|Any CPU = Release|Any CPU
	EndGlobalSection
	GlobalSection(ProjectConfigurationPlatforms) = postSolution
		{FC4D6EF3-5A2A-4CC0-8FDD-D724A91F6A34}.Debug|Any CPU.ActiveCfg = Debug|Any CPU
		{FC4D6EF3-5A2A-4CC0-8FDD-D724A91F6A34}.Debug|Any CPU.Build.0 = Debug|Any CPU
		{FC4D6EF3-5A2A-4CC0-8FDD-D724A91F6A34}.Release|Any CPU.ActiveCfg = Release|Any CPU
		{FC4D6EF3-5A2A-4CC0-8FDD-D724A91F6A34}.Release|Any CPU.Build.0 = Release|Any CPU
	EndGlobalSection
	GlobalSection(SolutionProperties) = preSolution
		HideSolutionNode = FALSE
	EndGlobalSection
	GlobalSection(ExtensibilityGlobals) = postSolution
		SolutionGuid = {E4E4D122-A0B8-4424-B024-87388CFCFF18}
	EndGlobalSection
EndGlobal
