
Microsoft Visual Studio Solution File, Format Version 12.00
# Visual Studio Version 16
VisualStudioVersion = 16.0.30804.86
MinimumVisualStudioVersion = 10.0.40219.1
Project("{FAE04EC0-301F-11D3-BF4B-00C04F79EFBC}") = "AutoMLApp", "AutoMLApp\AutoMLApp.csproj", "{67F682EA-2FC8-460A-833A-A0288D9A30FC}"
EndProject
Global
	GlobalSection(SolutionConfigurationPlatforms) = preSolution
		Debug|Any CPU = Debug|Any CPU
		Release|Any CPU = Release|Any CPU
	EndGlobalSection
	GlobalSection(ProjectConfigurationPlatforms) = postSolution
		{67F682EA-2FC8-460A-833A-A0288D9A30FC}.Debug|Any CPU.ActiveCfg = Debug|Any CPU
		{67F682EA-2FC8-460A-833A-A0288D9A30FC}.Debug|Any CPU.Build.0 = Debug|Any CPU
		{67F682EA-2FC8-460A-833A-A0288D9A30FC}.Release|Any CPU.ActiveCfg = Release|Any CPU
		{67F682EA-2FC8-460A-833A-A0288D9A30FC}.Release|Any CPU.Build.0 = Release|Any CPU
	EndGlobalSection
	GlobalSection(SolutionProperties) = preSolution
		HideSolutionNode = FALSE
	EndGlobalSection
	GlobalSection(ExtensibilityGlobals) = postSolution
		SolutionGuid = {19C07125-D9C0-40B3-87FF-6FECCDF9A6FC}
	EndGlobalSection
EndGlobal
