
Microsoft Visual Studio Solution File, Format Version 12.00
# Visual Studio Version 16
VisualStudioVersion = 16.0.31424.327
MinimumVisualStudioVersion = 10.0.40219.1
Project("{9A19103F-16F7-4668-BE54-9A1E7A4F7556}") = "IMDBCommentClassification", "IMDBCommentClassification\IMDBCommentClassification.csproj", "{A9A1AE5C-0421-4347-B17D-94431C032839}"
EndProject
Global
	GlobalSection(SolutionConfigurationPlatforms) = preSolution
		Debug|Any CPU = Debug|Any CPU
		Release|Any CPU = Release|Any CPU
	EndGlobalSection
	GlobalSection(ProjectConfigurationPlatforms) = postSolution
		{A9A1AE5C-0421-4347-B17D-94431C032839}.Debug|Any CPU.ActiveCfg = Debug|Any CPU
		{A9A1AE5C-0421-4347-B17D-94431C032839}.Debug|Any CPU.Build.0 = Debug|Any CPU
		{A9A1AE5C-0421-4347-B17D-94431C032839}.Release|Any CPU.ActiveCfg = Release|Any CPU
		{A9A1AE5C-0421-4347-B17D-94431C032839}.Release|Any CPU.Build.0 = Release|Any CPU
	EndGlobalSection
	GlobalSection(SolutionProperties) = preSolution
		HideSolutionNode = FALSE
	EndGlobalSection
	GlobalSection(ExtensibilityGlobals) = postSolution
		SolutionGuid = {79B7CDC9-09AE-4EC6-87F2-B77B74028725}
	EndGlobalSection
EndGlobal
